// !$*UTF8*$!
{
	archiveVersion = 1;
	classes = {
	};
	objectVersion = 46;
	objects = {

/* Begin PBXBuildFile section */
		6D5ABB291D7E261400E93B80 /* main.cpp in Sources */ = {isa = PBXBuildFile; fileRef = 6D5ABB281D7E261400E93B80 /* main.cpp */; };
		6D5ABB301D7E273300E93B80 /* GLUT.framework in Frameworks */ = {isa = PBXBuildFile; fileRef = 6D5ABB2F1D7E273300E93B80 /* GLUT.framework */; };
		6D5ABB321D7E274900E93B80 /* OpenGL.framework in Frameworks */ = {isa = PBXBuildFile; fileRef = 6D5ABB311D7E274900E93B80 /* OpenGL.framework */; };
		6D5ABB341D7EA08000E93B80 /* glsupport.cpp in Sources */ = {isa = PBXBuildFile; fileRef = 6D5ABB331D7EA08000E93B80 /* glsupport.cpp */; };
/* End PBXBuildFile section */

/* Begin PBXCopyFilesBuildPhase section */
		6D5ABB231D7E261400E93B80 /* CopyFiles */ = {
			isa = PBXCopyFilesBuildPhase;
			buildActionMask = 2147483647;
			dstPath = /usr/share/man/man1/;
			dstSubfolderSpec = 0;
			files = (
			);
			runOnlyForDeploymentPostprocessing = 1;
		};
/* End PBXCopyFilesBuildPhase section */

/* Begin PBXFileReference section */
		5B3FBC651E0D73EC00DDA36C /* shaders */ = {isa = PBXFileReference; lastKnownFileType = folder; path = shaders; sourceTree = "<group>"; };
		5B69BA491DD2DA6800EA8A7B /* tiny_obj_loader.h */ = {isa = PBXFileReference; fileEncoding = 4; lastKnownFileType = sourcecode.c.h; path = tiny_obj_loader.h; sourceTree = "<group>"; };
		5B6D0FD81E067CBB00C28C72 /* planet_properties.h */ = {isa = PBXFileReference; fileEncoding = 4; lastKnownFileType = sourcecode.c.h; path = planet_properties.h; sourceTree = "<group>"; };
		5B6D0FD91E067DDA00C28C72 /* auxiliary_structures.h */ = {isa = PBXFileReference; fileEncoding = 4; lastKnownFileType = sourcecode.c.h; path = auxiliary_structures.h; sourceTree = "<group>"; };
		5B6D0FDA1E0680E400C28C72 /* auxiliary_methods.h */ = {isa = PBXFileReference; fileEncoding = 4; lastKnownFileType = sourcecode.c.h; path = auxiliary_methods.h; sourceTree = "<group>"; };
		5BDA3BFC1DBBDE8A009DCDA0 /* quat.h */ = {isa = PBXFileReference; fileEncoding = 4; lastKnownFileType = sourcecode.c.h; path = quat.h; sourceTree = "<group>"; };
		6D5ABB251D7E261400E93B80 /* Solarsystem.temp_caseinsensitive_rename */ = {isa = PBXFileReference; explicitFileType = "compiled.mach-o.executable"; includeInIndex = 0; path = Solarsystem.temp_caseinsensitive_rename; sourceTree = BUILT_PRODUCTS_DIR; };
		6D5ABB281D7E261400E93B80 /* main.cpp */ = {isa = PBXFileReference; lastKnownFileType = sourcecode.cpp.cpp; path = main.cpp; sourceTree = "<group>"; };
		6D5ABB2F1D7E273300E93B80 /* GLUT.framework */ = {isa = PBXFileReference; lastKnownFileType = wrapper.framework; name = GLUT.framework; path = System/Library/Frameworks/GLUT.framework; sourceTree = SDKROOT; };
		6D5ABB311D7E274900E93B80 /* OpenGL.framework */ = {isa = PBXFileReference; lastKnownFileType = wrapper.framework; name = OpenGL.framework; path = System/Library/Frameworks/OpenGL.framework; sourceTree = SDKROOT; };
		6D5ABB331D7EA08000E93B80 /* glsupport.cpp */ = {isa = PBXFileReference; fileEncoding = 4; lastKnownFileType = sourcecode.cpp.cpp; path = glsupport.cpp; sourceTree = "<group>"; };
		6D5ABB351D7EA08900E93B80 /* glsupport.h */ = {isa = PBXFileReference; fileEncoding = 4; lastKnownFileType = sourcecode.c.h; path = glsupport.h; sourceTree = "<group>"; };
		6D5ABB361D7EA08900E93B80 /* matrix4.h */ = {isa = PBXFileReference; fileEncoding = 4; lastKnownFileType = sourcecode.c.h; path = matrix4.h; sourceTree = "<group>"; };
		6D5ABB371D7EA72800E93B80 /* stb_image.h */ = {isa = PBXFileReference; fileEncoding = 4; lastKnownFileType = sourcecode.c.h; path = stb_image.h; sourceTree = "<group>"; };
/* End PBXFileReference section */

/* Begin PBXFrameworksBuildPhase section */
		6D5ABB221D7E261400E93B80 /* Frameworks */ = {
			isa = PBXFrameworksBuildPhase;
			buildActionMask = 2147483647;
			files = (
				6D5ABB321D7E274900E93B80 /* OpenGL.framework in Frameworks */,
				6D5ABB301D7E273300E93B80 /* GLUT.framework in Frameworks */,
			);
			runOnlyForDeploymentPostprocessing = 0;
		};
/* End PBXFrameworksBuildPhase section */

/* Begin PBXGroup section */
		6D5ABB1C1D7E261400E93B80 = {
			isa = PBXGroup;
			children = (
				6D5ABB311D7E274900E93B80 /* OpenGL.framework */,
				6D5ABB2F1D7E273300E93B80 /* GLUT.framework */,
				6D5ABB271D7E261400E93B80 /* Solarsystem */,
				6D5ABB261D7E261400E93B80 /* Products */,
			);
			sourceTree = "<group>";
		};
		6D5ABB261D7E261400E93B80 /* Products */ = {
			isa = PBXGroup;
			children = (
				6D5ABB251D7E261400E93B80 /* Solarsystem.temp_caseinsensitive_rename */,
			);
			name = Products;
			sourceTree = "<group>";
		};
		6D5ABB271D7E261400E93B80 /* Solarsystem */ = {
			isa = PBXGroup;
			children = (
				5B3FBC651E0D73EC00DDA36C /* shaders */,
				5BDA3BFC1DBBDE8A009DCDA0 /* quat.h */,
				6D5ABB351D7EA08900E93B80 /* glsupport.h */,
				6D5ABB361D7EA08900E93B80 /* matrix4.h */,
				6D5ABB371D7EA72800E93B80 /* stb_image.h */,
				6D5ABB331D7EA08000E93B80 /* glsupport.cpp */,
				6D5ABB281D7E261400E93B80 /* main.cpp */,
				5B69BA491DD2DA6800EA8A7B /* tiny_obj_loader.h */,
				5B6D0FD81E067CBB00C28C72 /* planet_properties.h */,
				5B6D0FD91E067DDA00C28C72 /* auxiliary_structures.h */,
				5B6D0FDA1E0680E400C28C72 /* auxiliary_methods.h */,
			);
			name = Solarsystem;
			path = "/Users/kaybus/Documents/nandukalidindi-github/Solarsystem/Solarsystem/Solarsystem";
			sourceTree = "<absolute>";
		};
/* End PBXGroup section */

/* Begin PBXNativeTarget section */
		6D5ABB241D7E261400E93B80 /* SolarSystem */ = {
			isa = PBXNativeTarget;
			buildConfigurationList = 6D5ABB2C1D7E261400E93B80 /* Build configuration list for PBXNativeTarget "SolarSystem" */;
			buildPhases = (
				6D5ABB211D7E261400E93B80 /* Sources */,
				6D5ABB221D7E261400E93B80 /* Frameworks */,
				6D5ABB231D7E261400E93B80 /* CopyFiles */,
			);
			buildRules = (
			);
			dependencies = (
			);
			name = SolarSystem;
			productName = TemplateProject;
			productReference = 6D5ABB251D7E261400E93B80 /* Solarsystem.temp_caseinsensitive_rename */;
			productType = "com.apple.product-type.tool";
		};
/* End PBXNativeTarget section */

/* Begin PBXProject section */
		6D5ABB1D1D7E261400E93B80 /* Project object */ = {
			isa = PBXProject;
			attributes = {
				LastUpgradeCheck = 0730;
				ORGANIZATIONNAME = "Nanda Kishore Kalidindi";
				TargetAttributes = {
					6D5ABB241D7E261400E93B80 = {
						CreatedOnToolsVersion = 7.3.1;
					};
				};
			};
			buildConfigurationList = 6D5ABB201D7E261400E93B80 /* Build configuration list for PBXProject "Solarsystem" */;
			compatibilityVersion = "Xcode 3.2";
			developmentRegion = English;
			hasScannedForEncodings = 0;
			knownRegions = (
				en,
			);
			mainGroup = 6D5ABB1C1D7E261400E93B80;
			productRefGroup = 6D5ABB261D7E261400E93B80 /* Products */;
			projectDirPath = "";
			projectRoot = "";
			targets = (
				6D5ABB241D7E261400E93B80 /* SolarSystem */,
			);
		};
/* End PBXProject section */

/* Begin PBXSourcesBuildPhase section */
		6D5ABB211D7E261400E93B80 /* Sources */ = {
			isa = PBXSourcesBuildPhase;
			buildActionMask = 2147483647;
			files = (
				6D5ABB341D7EA08000E93B80 /* glsupport.cpp in Sources */,
				6D5ABB291D7E261400E93B80 /* main.cpp in Sources */,
			);
			runOnlyForDeploymentPostprocessing = 0;
		};
/* End PBXSourcesBuildPhase section */

/* Begin XCBuildConfiguration section */
		6D5ABB2A1D7E261400E93B80 /* Debug */ = {
			isa = XCBuildConfiguration;
			buildSettings = {
				ALWAYS_SEARCH_USER_PATHS = NO;
				CLANG_ANALYZER_NONNULL = YES;
				CLANG_CXX_LANGUAGE_STANDARD = "gnu++0x";
				CLANG_CXX_LIBRARY = "libc++";
				CLANG_ENABLE_MODULES = YES;
				CLANG_ENABLE_OBJC_ARC = YES;
				CLANG_WARN_BOOL_CONVERSION = YES;
				CLANG_WARN_CONSTANT_CONVERSION = YES;
				CLANG_WARN_DIRECT_OBJC_ISA_USAGE = YES_ERROR;
				CLANG_WARN_EMPTY_BODY = YES;
				CLANG_WARN_ENUM_CONVERSION = YES;
				CLANG_WARN_INT_CONVERSION = YES;
				CLANG_WARN_OBJC_ROOT_CLASS = YES_ERROR;
				CLANG_WARN_UNREACHABLE_CODE = YES;
				CLANG_WARN__DUPLICATE_METHOD_MATCH = YES;
				CODE_SIGN_IDENTITY = "-";
				COPY_PHASE_STRIP = NO;
				DEBUG_INFORMATION_FORMAT = dwarf;
				ENABLE_STRICT_OBJC_MSGSEND = YES;
				ENABLE_TESTABILITY = YES;
				GCC_C_LANGUAGE_STANDARD = gnu99;
				GCC_DYNAMIC_NO_PIC = NO;
				GCC_NO_COMMON_BLOCKS = YES;
				GCC_OPTIMIZATION_LEVEL = 0;
				GCC_PREPROCESSOR_DEFINITIONS = (
					"DEBUG=1",
					"$(inherited)",
				);
				GCC_WARN_64_TO_32_BIT_CONVERSION = YES;
				GCC_WARN_ABOUT_RETURN_TYPE = YES_ERROR;
				GCC_WARN_UNDECLARED_SELECTOR = YES;
				GCC_WARN_UNINITIALIZED_AUTOS = YES_AGGRESSIVE;
				GCC_WARN_UNUSED_FUNCTION = YES;
				GCC_WARN_UNUSED_VARIABLE = YES;
				MACOSX_DEPLOYMENT_TARGET = 10.11;
				MTL_ENABLE_DEBUG_INFO = YES;
				ONLY_ACTIVE_ARCH = YES;
				SDKROOT = macosx;
			};
			name = Debug;
		};
		6D5ABB2B1D7E261400E93B80 /* Release */ = {
			isa = XCBuildConfiguration;
			buildSettings = {
				ALWAYS_SEARCH_USER_PATHS = NO;
				CLANG_ANALYZER_NONNULL = YES;
				CLANG_CXX_LANGUAGE_STANDARD = "gnu++0x";
				CLANG_CXX_LIBRARY = "libc++";
				CLANG_ENABLE_MODULES = YES;
				CLANG_ENABLE_OBJC_ARC = YES;
				CLANG_WARN_BOOL_CONVERSION = YES;
				CLANG_WARN_CONSTANT_CONVERSION = YES;
				CLANG_WARN_DIRECT_OBJC_ISA_USAGE = YES_ERROR;
				CLANG_WARN_EMPTY_BODY = YES;
				CLANG_WARN_ENUM_CONVERSION = YES;
				CLANG_WARN_INT_CONVERSION = YES;
				CLANG_WARN_OBJC_ROOT_CLASS = YES_ERROR;
				CLANG_WARN_UNREACHABLE_CODE = YES;
				CLANG_WARN__DUPLICATE_METHOD_MATCH = YES;
				CODE_SIGN_IDENTITY = "-";
				COPY_PHASE_STRIP = NO;
				DEBUG_INFORMATION_FORMAT = "dwarf-with-dsym";
				ENABLE_NS_ASSERTIONS = NO;
				ENABLE_STRICT_OBJC_MSGSEND = YES;
				GCC_C_LANGUAGE_STANDARD = gnu99;
				GCC_NO_COMMON_BLOCKS = YES;
				GCC_WARN_64_TO_32_BIT_CONVERSION = YES;
				GCC_WARN_ABOUT_RETURN_TYPE = YES_ERROR;
				GCC_WARN_UNDECLARED_SELECTOR = YES;
				GCC_WARN_UNINITIALIZED_AUTOS = YES_AGGRESSIVE;
				GCC_WARN_UNUSED_FUNCTION = YES;
				GCC_WARN_UNUSED_VARIABLE = YES;
				MACOSX_DEPLOYMENT_TARGET = 10.11;
				MTL_ENABLE_DEBUG_INFO = NO;
				SDKROOT = macosx;
			};
			name = Release;
		};
		6D5ABB2D1D7E261400E93B80 /* Debug */ = {
			isa = XCBuildConfiguration;
			buildSettings = {
				GCC_WARN_ABOUT_DEPRECATED_FUNCTIONS = NO;
				HEADER_SEARCH_PATHS = /Applications/Xcode.app/Contents/Developer/Platforms/MacOSX.platform/Developer/SDKs/MacOSX10.11.sdk/System/Library/Frameworks/GLUT.framework/Versions/A/Headers;
				PRODUCT_NAME = Solarsystem.temp_caseinsensitive_rename;
			};
			name = Debug;
		};
		6D5ABB2E1D7E261400E93B80 /* Release */ = {
			isa = XCBuildConfiguration;
			buildSettings = {
				GCC_WARN_ABOUT_DEPRECATED_FUNCTIONS = NO;
				HEADER_SEARCH_PATHS = /Applications/Xcode.app/Contents/Developer/Platforms/MacOSX.platform/Developer/SDKs/MacOSX10.11.sdk/System/Library/Frameworks/GLUT.framework/Versions/A/Headers;
				PRODUCT_NAME = Solarsystem.temp_caseinsensitive_rename;
			};
			name = Release;
		};
/* End XCBuildConfiguration section */

/* Begin XCConfigurationList section */
		6D5ABB201D7E261400E93B80 /* Build configuration list for PBXProject "Solarsystem" */ = {
			isa = XCConfigurationList;
			buildConfigurations = (
				6D5ABB2A1D7E261400E93B80 /* Debug */,
				6D5ABB2B1D7E261400E93B80 /* Release */,
			);
			defaultConfigurationIsVisible = 0;
			defaultConfigurationName = Release;
		};
		6D5ABB2C1D7E261400E93B80 /* Build configuration list for PBXNativeTarget "SolarSystem" */ = {
			isa = XCConfigurationList;
			buildConfigurations = (
				6D5ABB2D1D7E261400E93B80 /* Debug */,
				6D5ABB2E1D7E261400E93B80 /* Release */,
			);
			defaultConfigurationIsVisible = 0;
			defaultConfigurationName = Release;
		};
/* End XCConfigurationList section */
	};
	rootObject = 6D5ABB1D1D7E261400E93B80 /* Project object */;
}
